
Microsoft Visual Studio Solution File, Format Version 12.00
# Visual Studio Version 17
VisualStudioVersion = 17.14.36414.22
MinimumVisualStudioVersion = 10.0.40219.1
Project("{FAE04EC0-301F-11D3-BF4B-00C04F79EFBC}") = "GRASP_Builder", "GRASP_Builder.csproj", "{F510957D-C9A9-43F8-8741-958D4CAD8A14}"
EndProject
Project("{FAE04EC0-301F-11D3-BF4B-00C04F79EFBC}") = "UnitTests", "..\UnitTests\UnitTests.csproj", "{7912C482-13E4-407A-A984-4BE964E89123}"
EndProject
Global
	GlobalSection(SolutionConfigurationPlatforms) = preSolution
		Debug|Any CPU = Debug|Any CPU
		Release|Any CPU = Release|Any CPU
	EndGlobalSection
	GlobalSection(ProjectConfigurationPlatforms) = postSolution
		{F510957D-C9A9-43F8-8741-958D4CAD8A14}.Debug|Any CPU.ActiveCfg = Debug|Any CPU
		{F510957D-C9A9-43F8-8741-958D4CAD8A14}.Debug|Any CPU.Build.0 = Debug|Any CPU
		{F510957D-C9A9-43F8-8741-958D4CAD8A14}.Release|Any CPU.ActiveCfg = Release|Any CPU
		{F510957D-C9A9-43F8-8741-958D4CAD8A14}.Release|Any CPU.Build.0 = Release|Any CPU
		{7912C482-13E4-407A-A984-4BE964E89123}.Debug|Any CPU.ActiveCfg = Debug|Any CPU
		{7912C482-13E4-407A-A984-4BE964E89123}.Debug|Any CPU.Build.0 = Debug|Any CPU
		{7912C482-13E4-407A-A984-4BE964E89123}.Release|Any CPU.ActiveCfg = Release|Any CPU
		{7912C482-13E4-407A-A984-4BE964E89123}.Release|Any CPU.Build.0 = Release|Any CPU
	EndGlobalSection
	GlobalSection(SolutionProperties) = preSolution
		HideSolutionNode = FALSE
	EndGlobalSection
	GlobalSection(ExtensibilityGlobals) = postSolution
		SolutionGuid = {8516A156-2BC8-496C-890D-0155614C1CC9}
	EndGlobalSection
EndGlobal
